{
  "version": 4,
  "terraform_version": "1.13.3",
  "serial": 3,
  "lineage": "ab65c103-6902-3850-00fe-129790c2d2ab",
  "outputs": {},
  "resources": [
    {
      "mode": "data",
      "type": "vault_kv_secret_v2",
      "name": "example",
      "provider": "provider[\"registry.terraform.io/hashicorp/vault\"]",
      "instances": [
        {
          "schema_version": 0,
          "attributes": {
            "created_time": "2026-06-01T13:15:55.787578935Z",
            "custom_metadata": null,
            "data": {
              "username": "hydrogen12345P@"
            },
            "data_json": "{\"username\":\"hydrogen12345P@\"}",
            "deletion_time": "",
            "destroyed": false,
            "id": "kv/data/test-secret",
            "mount": "kv",
            "name": "test-secret",
            "namespace": null,
            "path": "kv/data/test-secret",
            "version": 1
          },
          "sensitive_attributes": [
            [
              {
                "type": "get_attr",
                "value": "data"
              }
            ],
            [
              {
                "type": "get_attr",
                "value": "data_json"
              }
            ]
          ],
          "identity_schema_version": 0
        }
      ]
    },
    {
      "mode": "managed",
      "type": "aws_instance",
      "name": "example",
      "provider": "provider[\"registry.terraform.io/hashicorp/aws\"]",
      "instances": [
        {
          "schema_version": 2,
          "attributes": {
            "ami": "ami-091138d0f0d41ff90",
            "arn": "arn:aws:ec2:us-east-1:027174261562:instance/i-009a53b5a79e2f67a",
            "associate_public_ip_address": true,
            "availability_zone": "us-east-1d",
            "capacity_reservation_specification": [
              {
                "capacity_reservation_preference": "open",
                "capacity_reservation_target": []
              }
            ],
            "cpu_options": [
              {
                "amd_sev_snp": "",
                "core_count": 1,
                "nested_virtualization": "",
                "threads_per_core": 1
              }
            ],
            "credit_specification": [
              {
                "cpu_credits": "standard"
              }
            ],
            "disable_api_stop": false,
            "disable_api_termination": false,
            "ebs_block_device": [],
            "ebs_optimized": false,
            "enable_primary_ipv6": null,
            "enclave_options": [
              {
                "enabled": false
              }
            ],
            "ephemeral_block_device": [],
            "force_destroy": false,
            "get_password_data": false,
            "hibernation": false,
            "host_id": "",
            "host_resource_group_arn": null,
            "iam_instance_profile": "",
            "id": "i-009a53b5a79e2f67a",
            "instance_initiated_shutdown_behavior": "stop",
            "instance_lifecycle": "",
            "instance_market_options": [],
            "instance_state": "running",
            "instance_type": "t2.micro",
            "ipv6_address_count": 0,
            "ipv6_addresses": [],
            "key_name": "",
            "launch_template": [],
            "maintenance_options": [
              {
                "auto_recovery": "default"
              }
            ],
            "metadata_options": [
              {
                "http_endpoint": "enabled",
                "http_protocol_ipv6": "disabled",
                "http_put_response_hop_limit": 2,
                "http_tokens": "required",
                "instance_metadata_tags": "disabled"
              }
            ],
            "monitoring": false,
            "network_interface": [],
            "outpost_arn": "",
            "password_data": "",
            "placement_group": "",
            "placement_group_id": "",
            "placement_partition_number": 0,
            "primary_network_interface": [
              {
                "delete_on_termination": true,
                "network_interface_id": "eni-076d6497f9f442d17"
              }
            ],
            "primary_network_interface_id": "eni-076d6497f9f442d17",
            "private_dns": "ip-172-31-18-48.ec2.internal",
            "private_dns_name_options": [
              {
                "enable_resource_name_dns_a_record": false,
                "enable_resource_name_dns_aaaa_record": false,
                "hostname_type": "ip-name"
              }
            ],
            "private_ip": "172.31.18.48",
            "public_dns": "ec2-98-90-201-37.compute-1.amazonaws.com",
            "public_ip": "98.90.201.37",
            "region": "us-east-1",
            "root_block_device": [
              {
                "delete_on_termination": true,
                "device_name": "/dev/sda1",
                "encrypted": false,
                "iops": 3000,
                "kms_key_id": "",
                "tags": {},
                "tags_all": {},
                "throughput": 125,
                "volume_id": "vol-0417d89ebfb3c4626",
                "volume_size": 8,
                "volume_type": "gp3"
              }
            ],
            "secondary_network_interface": [],
            "secondary_private_ips": [],
            "security_groups": [
              "default"
            ],
            "source_dest_check": true,
            "spot_instance_request_id": "",
            "subnet_id": "subnet-07d4a6576b900bd5c",
            "tags": {
              "secret": "hydrogen12345P@"
            },
            "tags_all": {
              "secret": "hydrogen12345P@"
            },
            "tenancy": "default",
            "timeouts": null,
            "user_data": null,
            "user_data_base64": null,
            "user_data_replace_on_change": false,
            "volume_tags": null,
            "vpc_security_group_ids": [
              "sg-0e1e2da6d4b6082df"
            ]
          },
          "sensitive_attributes": [
            [
              {
                "type": "get_attr",
                "value": "tags"
              },
              {
                "type": "index",
                "value": {
                  "value": "secret",
                  "type": "string"
                }
              }
            ]
          ],
          "identity_schema_version": 0,
          "identity": {
            "account_id": "027174261562",
            "id": "i-009a53b5a79e2f67a",
            "region": "us-east-1"
          },
          "private": "eyJlMmJmYjczMC1lY2FhLTExZTYtOGY4OC0zNDM2M2JjN2M0YzAiOnsiY3JlYXRlIjo2MDAwMDAwMDAwMDAsImRlbGV0ZSI6MTIwMDAwMDAwMDAwMCwicmVhZCI6OTAwMDAwMDAwMDAwLCJ1cGRhdGUiOjYwMDAwMDAwMDAwMH0sInNjaGVtYV92ZXJzaW9uIjoiMiJ9",
          "dependencies": [
            "data.vault_kv_secret_v2.example"
          ]
        }
      ]
    }
  ],
  "check_results": null
}
